// !$*UTF8*$!
{
	archiveVersion = 1;
	classes = {
	};
	objectVersion = 56;
	objects = {

/* Begin PBXBuildFile section */
		85C9CF1428E71819000413C4 /* AppDelegate.swift in Sources */ = {isa = PBXBuildFile; fileRef = 85C9CF1328E71819000413C4 /* AppDelegate.swift */; };
		85C9CF1628E71819000413C4 /* SceneDelegate.swift in Sources */ = {isa = PBXBuildFile; fileRef = 85C9CF1528E71819000413C4 /* SceneDelegate.swift */; };
		85C9CF1828E71819000413C4 /* ViewController.swift in Sources */ = {isa = PBXBuildFile; fileRef = 85C9CF1728E71819000413C4 /* ViewController.swift */; };
		85C9CF1B28E71819000413C4 /* Main.storyboard in Resources */ = {isa = PBXBuildFile; fileRef = 85C9CF1928E71819000413C4 /* Main.storyboard */; };
		85C9CF1D28E71821000413C4 /* Assets.xcassets in Resources */ = {isa = PBXBuildFile; fileRef = 85C9CF1C28E71821000413C4 /* Assets.xcassets */; };
		85C9CF2028E71821000413C4 /* LaunchScreen.storyboard in Resources */ = {isa = PBXBuildFile; fileRef = 85C9CF1E28E71821000413C4 /* LaunchScreen.storyboard */; };
		85C9CF2B28E71823000413C4 /* mySecondAppTests.swift in Sources */ = {isa = PBXBuildFile; fileRef = 85C9CF2A28E71823000413C4 /* mySecondAppTests.swift */; };
		85C9CF3528E71823000413C4 /* mySecondAppUITests.swift in Sources */ = {isa = PBXBuildFile; fileRef = 85C9CF3428E71823000413C4 /* mySecondAppUITests.swift */; };
		85C9CF3728E71823000413C4 /* mySecondAppUITestsLaunchTests.swift in Sources */ = {isa = PBXBuildFile; fileRef = 85C9CF3628E71823000413C4 /* mySecondAppUITestsLaunchTests.swift */; };
/* End PBXBuildFile section */

/* Begin PBXContainerItemProxy section */
		85C9CF2728E71823000413C4 /* PBXContainerItemProxy */ = {
			isa = PBXContainerItemProxy;
			containerPortal = 85C9CF0828E71818000413C4 /* Project object */;
			proxyType = 1;
			remoteGlobalIDString = 85C9CF0F28E71819000413C4;
			remoteInfo = mySecondApp;
		};
		85C9CF3128E71823000413C4 /* PBXContainerItemProxy */ = {
			isa = PBXContainerItemProxy;
			containerPortal = 85C9CF0828E71818000413C4 /* Project object */;
			proxyType = 1;
			remoteGlobalIDString = 85C9CF0F28E71819000413C4;
			remoteInfo = mySecondApp;
		};
/* End PBXContainerItemProxy section */

/* Begin PBXFileReference section */
		85C9CF1028E71819000413C4 /* mySecondApp.app */ = {isa = PBXFileReference; explicitFileType = wrapper.application; includeInIndex = 0; path = mySecondApp.app; sourceTree = BUILT_PRODUCTS_DIR; };
		85C9CF1328E71819000413C4 /* AppDelegate.swift */ = {isa = PBXFileReference; lastKnownFileType = sourcecode.swift; path = AppDelegate.swift; sourceTree = "<group>"; };
		85C9CF1528E71819000413C4 /* SceneDelegate.swift */ = {isa = PBXFileReference; lastKnownFileType = sourcecode.swift; path = SceneDelegate.swift; sourceTree = "<group>"; };
		85C9CF1728E71819000413C4 /* ViewController.swift */ = {isa = PBXFileReference; lastKnownFileType = sourcecode.swift; path = ViewController.swift; sourceTree = "<group>"; };
		85C9CF1A28E71819000413C4 /* Base */ = {isa = PBXFileReference; lastKnownFileType = file.storyboard; name = Base; path = Base.lproj/Main.storyboard; sourceTree = "<group>"; };
		85C9CF1C28E71821000413C4 /* Assets.xcassets */ = {isa = PBXFileReference; lastKnownFileType = folder.assetcatalog; path = Assets.xcassets; sourceTree = "<group>"; };
		85C9CF1F28E71821000413C4 /* Base */ = {isa = PBXFileReference; lastKnownFileType = file.storyboard; name = Base; path = Base.lproj/LaunchScreen.storyboard; sourceTree = "<group>"; };
		85C9CF2128E71821000413C4 /* Info.plist */ = {isa = PBXFileReference; lastKnownFileType = text.plist.xml; path = Info.plist; sourceTree = "<group>"; };
		85C9CF2628E71823000413C4 /* mySecondAppTests.xctest */ = {isa = PBXFileReference; explicitFileType = wrapper.cfbundle; includeInIndex = 0; path = mySecondAppTests.xctest; sourceTree = BUILT_PRODUCTS_DIR; };
		85C9CF2A28E71823000413C4 /* mySecondAppTests.swift */ = {isa = PBXFileReference; lastKnownFileType = sourcecode.swift; path = mySecondAppTests.swift; sourceTree = "<group>"; };
		85C9CF3028E71823000413C4 /* mySecondAppUITests.xctest */ = {isa = PBXFileReference; explicitFileType = wrapper.cfbundle; includeInIndex = 0; path = mySecondAppUITests.xctest; sourceTree = BUILT_PRODUCTS_DIR; };
		85C9CF3428E71823000413C4 /* mySecondAppUITests.swift */ = {isa = PBXFileReference; lastKnownFileType = sourcecode.swift; path = mySecondAppUITests.swift; sourceTree = "<group>"; };
		85C9CF3628E71823000413C4 /* mySecondAppUITestsLaunchTests.swift */ = {isa = PBXFileReference; lastKnownFileType = sourcecode.swift; path = mySecondAppUITestsLaunchTests.swift; sourceTree = "<group>"; };
/* End PBXFileReference section */

/* Begin PBXFrameworksBuildPhase section */
		85C9CF0D28E71819000413C4 /* Frameworks */ = {
			isa = PBXFrameworksBuildPhase;
			buildActionMask = 2147483647;
			files = (
			);
			runOnlyForDeploymentPostprocessing = 0;
		};
		85C9CF2328E71823000413C4 /* Frameworks */ = {
			isa = PBXFrameworksBuildPhase;
			buildActionMask = 2147483647;
			files = (
			);
			runOnlyForDeploymentPostprocessing = 0;
		};
		85C9CF2D28E71823000413C4 /* Frameworks */ = {
			isa = PBXFrameworksBuildPhase;
			buildActionMask = 2147483647;
			files = (
			);
			runOnlyForDeploymentPostprocessing = 0;
		};
/* End PBXFrameworksBuildPhase section */

/* Begin PBXGroup section */
		85C9CF0728E71818000413C4 = {
			isa = PBXGroup;
			children = (
				85C9CF1228E71819000413C4 /* mySecondApp */,
				85C9CF2928E71823000413C4 /* mySecondAppTests */,
				85C9CF3328E71823000413C4 /* mySecondAppUITests */,
				85C9CF1128E71819000413C4 /* Products */,
			);
			sourceTree = "<group>";
		};
		85C9CF1128E71819000413C4 /* Products */ = {
			isa = PBXGroup;
			children = (
				85C9CF1028E71819000413C4 /* mySecondApp.app */,
				85C9CF2628E71823000413C4 /* mySecondAppTests.xctest */,
				85C9CF3028E71823000413C4 /* mySecondAppUITests.xctest */,
			);
			name = Products;
			sourceTree = "<group>";
		};
		85C9CF1228E71819000413C4 /* mySecondApp */ = {
			isa = PBXGroup;
			children = (
				85C9CF1328E71819000413C4 /* AppDelegate.swift */,
				85C9CF1528E71819000413C4 /* SceneDelegate.swift */,
				85C9CF1728E71819000413C4 /* ViewController.swift */,
				85C9CF1928E71819000413C4 /* Main.storyboard */,
				85C9CF1C28E71821000413C4 /* Assets.xcassets */,
				85C9CF1E28E71821000413C4 /* LaunchScreen.storyboard */,
				85C9CF2128E71821000413C4 /* Info.plist */,
			);
			path = mySecondApp;
			sourceTree = "<group>";
		};
		85C9CF2928E71823000413C4 /* mySecondAppTests */ = {
			isa = PBXGroup;
			children = (
				85C9CF2A28E71823000413C4 /* mySecondAppTests.swift */,
			);
			path = mySecondAppTests;
			sourceTree = "<group>";
		};
		85C9CF3328E71823000413C4 /* mySecondAppUITests */ = {
			isa = PBXGroup;
			children = (
				85C9CF3428E71823000413C4 /* mySecondAppUITests.swift */,
				85C9CF3628E71823000413C4 /* mySecondAppUITestsLaunchTests.swift */,
			);
			path = mySecondAppUITests;
			sourceTree = "<group>";
		};
/* End PBXGroup section */

/* Begin PBXNativeTarget section */
		85C9CF0F28E71819000413C4 /* mySecondApp */ = {
			isa = PBXNativeTarget;
			buildConfigurationList = 85C9CF3A28E71823000413C4 /* Build configuration list for PBXNativeTarget "mySecondApp" */;
			buildPhases = (
				85C9CF0C28E71819000413C4 /* Sources */,
				85C9CF0D28E71819000413C4 /* Frameworks */,
				85C9CF0E28E71819000413C4 /* Resources */,
			);
			buildRules = (
			);
			dependencies = (
			);
			name = mySecondApp;
			productName = mySecondApp;
			productReference = 85C9CF1028E71819000413C4 /* mySecondApp.app */;
			productType = "com.apple.product-type.application";
		};
		85C9CF2528E71823000413C4 /* mySecondAppTests */ = {
			isa = PBXNativeTarget;
			buildConfigurationList = 85C9CF3D28E71823000413C4 /* Build configuration list for PBXNativeTarget "mySecondAppTests" */;
			buildPhases = (
				85C9CF2228E71823000413C4 /* Sources */,
				85C9CF2328E71823000413C4 /* Frameworks */,
				85C9CF2428E71823000413C4 /* Resources */,
			);
			buildRules = (
			);
			dependencies = (
				85C9CF2828E71823000413C4 /* PBXTargetDependency */,
			);
			name = mySecondAppTests;
			productName = mySecondAppTests;
			productReference = 85C9CF2628E71823000413C4 /* mySecondAppTests.xctest */;
			productType = "com.apple.product-type.bundle.unit-test";
		};
		85C9CF2F28E71823000413C4 /* mySecondAppUITests */ = {
			isa = PBXNativeTarget;
			buildConfigurationList = 85C9CF4028E71823000413C4 /* Build configuration list for PBXNativeTarget "mySecondAppUITests" */;
			buildPhases = (
				85C9CF2C28E71823000413C4 /* Sources */,
				85C9CF2D28E71823000413C4 /* Frameworks */,
				85C9CF2E28E71823000413C4 /* Resources */,
			);
			buildRules = (
			);
			dependencies = (
				85C9CF3228E71823000413C4 /* PBXTargetDependency */,
			);
			name = mySecondAppUITests;
			productName = mySecondAppUITests;
			productReference = 85C9CF3028E71823000413C4 /* mySecondAppUITests.xctest */;
			productType = "com.apple.product-type.bundle.ui-testing";
		};
/* End PBXNativeTarget section */

/* Begin PBXProject section */
		85C9CF0828E71818000413C4 /* Project object */ = {
			isa = PBXProject;
			attributes = {
				BuildIndependentTargetsInParallel = 1;
				LastSwiftUpdateCheck = 1400;
				LastUpgradeCheck = 1400;
				TargetAttributes = {
					85C9CF0F28E71819000413C4 = {
						CreatedOnToolsVersion = 14.0.1;
					};
					85C9CF2528E71823000413C4 = {
						CreatedOnToolsVersion = 14.0.1;
						TestTargetID = 85C9CF0F28E71819000413C4;
					};
					85C9CF2F28E71823000413C4 = {
						CreatedOnToolsVersion = 14.0.1;
						TestTargetID = 85C9CF0F28E71819000413C4;
					};
				};
			};
			buildConfigurationList = 85C9CF0B28E71818000413C4 /* Build configuration list for PBXProject "mySecondApp" */;
			compatibilityVersion = "Xcode 14.0";
			developmentRegion = en;
			hasScannedForEncodings = 0;
			knownRegions = (
				en,
				Base,
			);
			mainGroup = 85C9CF0728E71818000413C4;
			productRefGroup = 85C9CF1128E71819000413C4 /* Products */;
			projectDirPath = "";
			projectRoot = "";
			targets = (
				85C9CF0F28E71819000413C4 /* mySecondApp */,
				85C9CF2528E71823000413C4 /* mySecondAppTests */,
				85C9CF2F28E71823000413C4 /* mySecondAppUITests */,
			);
		};
/* End PBXProject section */

/* Begin PBXResourcesBuildPhase section */
		85C9CF0E28E71819000413C4 /* Resources */ = {
			isa = PBXResourcesBuildPhase;
			buildActionMask = 2147483647;
			files = (
				85C9CF2028E71821000413C4 /* LaunchScreen.storyboard in Resources */,
				85C9CF1D28E71821000413C4 /* Assets.xcassets in Resources */,
				85C9CF1B28E71819000413C4 /* Main.storyboard in Resources */,
			);
			runOnlyForDeploymentPostprocessing = 0;
		};
		85C9CF2428E71823000413C4 /* Resources */ = {
			isa = PBXResourcesBuildPhase;
			buildActionMask = 2147483647;
			files = (
			);
			runOnlyForDeploymentPostprocessing = 0;
		};
		85C9CF2E28E71823000413C4 /* Resources */ = {
			isa = PBXResourcesBuildPhase;
			buildActionMask = 2147483647;
			files = (
			);
			runOnlyForDeploymentPostprocessing = 0;
		};
/* End PBXResourcesBuildPhase section */

/* Begin PBXSourcesBuildPhase section */
		85C9CF0C28E71819000413C4 /* Sources */ = {
			isa = PBXSourcesBuildPhase;
			buildActionMask = 2147483647;
			files = (
				85C9CF1828E71819000413C4 /* ViewController.swift in Sources */,
				85C9CF1428E71819000413C4 /* AppDelegate.swift in Sources */,
				85C9CF1628E71819000413C4 /* SceneDelegate.swift in Sources */,
			);
			runOnlyForDeploymentPostprocessing = 0;
		};
		85C9CF2228E71823000413C4 /* Sources */ = {
			isa = PBXSourcesBuildPhase;
			buildActionMask = 2147483647;
			files = (
				85C9CF2B28E71823000413C4 /* mySecondAppTests.swift in Sources */,
			);
			runOnlyForDeploymentPostprocessing = 0;
		};
		85C9CF2C28E71823000413C4 /* Sources */ = {
			isa = PBXSourcesBuildPhase;
			buildActionMask = 2147483647;
			files = (
				85C9CF3728E71823000413C4 /* mySecondAppUITestsLaunchTests.swift in Sources */,
				85C9CF3528E71823000413C4 /* mySecondAppUITests.swift in Sources */,
			);
			runOnlyForDeploymentPostprocessing = 0;
		};
/* End PBXSourcesBuildPhase section */

/* Begin PBXTargetDependency section */
		85C9CF2828E71823000413C4 /* PBXTargetDependency */ = {
			isa = PBXTargetDependency;
			target = 85C9CF0F28E71819000413C4 /* mySecondApp */;
			targetProxy = 85C9CF2728E71823000413C4 /* PBXContainerItemProxy */;
		};
		85C9CF3228E71823000413C4 /* PBXTargetDependency */ = {
			isa = PBXTargetDependency;
			target = 85C9CF0F28E71819000413C4 /* mySecondApp */;
			targetProxy = 85C9CF3128E71823000413C4 /* PBXContainerItemProxy */;
		};
/* End PBXTargetDependency section */

/* Begin PBXVariantGroup section */
		85C9CF1928E71819000413C4 /* Main.storyboard */ = {
			isa = PBXVariantGroup;
			children = (
				85C9CF1A28E71819000413C4 /* Base */,
			);
			name = Main.storyboard;
			sourceTree = "<group>";
		};
		85C9CF1E28E71821000413C4 /* LaunchScreen.storyboard */ = {
			isa = PBXVariantGroup;
			children = (
				85C9CF1F28E71821000413C4 /* Base */,
			);
			name = LaunchScreen.storyboard;
			sourceTree = "<group>";
		};
/* End PBXVariantGroup section */

/* Begin XCBuildConfiguration section */
		85C9CF3828E71823000413C4 /* Debug */ = {
			isa = XCBuildConfiguration;
			buildSettings = {
				ALWAYS_SEARCH_USER_PATHS = NO;
				CLANG_ANALYZER_NONNULL = YES;
				CLANG_ANALYZER_NUMBER_OBJECT_CONVERSION = YES_AGGRESSIVE;
				CLANG_CXX_LANGUAGE_STANDARD = "gnu++20";
				CLANG_ENABLE_MODULES = YES;
				CLANG_ENABLE_OBJC_ARC = YES;
				CLANG_ENABLE_OBJC_WEAK = YES;
				CLANG_WARN_BLOCK_CAPTURE_AUTORELEASING = YES;
				CLANG_WARN_BOOL_CONVERSION = YES;
				CLANG_WARN_COMMA = YES;
				CLANG_WARN_CONSTANT_CONVERSION = YES;
				CLANG_WARN_DEPRECATED_OBJC_IMPLEMENTATIONS = YES;
				CLANG_WARN_DIRECT_OBJC_ISA_USAGE = YES_ERROR;
				CLANG_WARN_DOCUMENTATION_COMMENTS = YES;
				CLANG_WARN_EMPTY_BODY = YES;
				CLANG_WARN_ENUM_CONVERSION = YES;
				CLANG_WARN_INFINITE_RECURSION = YES;
				CLANG_WARN_INT_CONVERSION = YES;
				CLANG_WARN_NON_LITERAL_NULL_CONVERSION = YES;
				CLANG_WARN_OBJC_IMPLICIT_RETAIN_SELF = YES;
				CLANG_WARN_OBJC_LITERAL_CONVERSION = YES;
				CLANG_WARN_OBJC_ROOT_CLASS = YES_ERROR;
				CLANG_WARN_QUOTED_INCLUDE_IN_FRAMEWORK_HEADER = YES;
				CLANG_WARN_RANGE_LOOP_ANALYSIS = YES;
				CLANG_WARN_STRICT_PROTOTYPES = YES;
				CLANG_WARN_SUSPICIOUS_MOVE = YES;
				CLANG_WARN_UNGUARDED_AVAILABILITY = YES_AGGRESSIVE;
				CLANG_WARN_UNREACHABLE_CODE = YES;
				CLANG_WARN__DUPLICATE_METHOD_MATCH = YES;
				COPY_PHASE_STRIP = NO;
				DEBUG_INFORMATION_FORMAT = dwarf;
				ENABLE_STRICT_OBJC_MSGSEND = YES;
				ENABLE_TESTABILITY = YES;
				GCC_C_LANGUAGE_STANDARD = gnu11;
				GCC_DYNAMIC_NO_PIC = NO;
				GCC_NO_COMMON_BLOCKS = YES;
				GCC_OPTIMIZATION_LEVEL = 0;
				GCC_PREPROCESSOR_DEFINITIONS = (
					"DEBUG=1",
					"$(inherited)",
				);
				GCC_WARN_64_TO_32_BIT_CONVERSION = YES;
				GCC_WARN_ABOUT_RETURN_TYPE = YES_ERROR;
				GCC_WARN_UNDECLARED_SELECTOR = YES;
				GCC_WARN_UNINITIALIZED_AUTOS = YES_AGGRESSIVE;
				GCC_WARN_UNUSED_FUNCTION = YES;
				GCC_WARN_UNUSED_VARIABLE = YES;
				IPHONEOS_DEPLOYMENT_TARGET = 16.0;
				MTL_ENABLE_DEBUG_INFO = INCLUDE_SOURCE;
				MTL_FAST_MATH = YES;
				ONLY_ACTIVE_ARCH = YES;
				SDKROOT = iphoneos;
				SWIFT_ACTIVE_COMPILATION_CONDITIONS = DEBUG;
				SWIFT_OPTIMIZATION_LEVEL = "-Onone";
			};
			name = Debug;
		};
		85C9CF3928E71823000413C4 /* Release */ = {
			isa = XCBuildConfiguration;
			buildSettings = {
				ALWAYS_SEARCH_USER_PATHS = NO;
				CLANG_ANALYZER_NONNULL = YES;
				CLANG_ANALYZER_NUMBER_OBJECT_CONVERSION = YES_AGGRESSIVE;
				CLANG_CXX_LANGUAGE_STANDARD = "gnu++20";
				CLANG_ENABLE_MODULES = YES;
				CLANG_ENABLE_OBJC_ARC = YES;
				CLANG_ENABLE_OBJC_WEAK = YES;
				CLANG_WARN_BLOCK_CAPTURE_AUTORELEASING = YES;
				CLANG_WARN_BOOL_CONVERSION = YES;
				CLANG_WARN_COMMA = YES;
				CLANG_WARN_CONSTANT_CONVERSION = YES;
				CLANG_WARN_DEPRECATED_OBJC_IMPLEMENTATIONS = YES;
				CLANG_WARN_DIRECT_OBJC_ISA_USAGE = YES_ERROR;
				CLANG_WARN_DOCUMENTATION_COMMENTS = YES;
				CLANG_WARN_EMPTY_BODY = YES;
				CLANG_WARN_ENUM_CONVERSION = YES;
				CLANG_WARN_INFINITE_RECURSION = YES;
				CLANG_WARN_INT_CONVERSION = YES;
				CLANG_WARN_NON_LITERAL_NULL_CONVERSION = YES;
				CLANG_WARN_OBJC_IMPLICIT_RETAIN_SELF = YES;
				CLANG_WARN_OBJC_LITERAL_CONVERSION = YES;
				CLANG_WARN_OBJC_ROOT_CLASS = YES_ERROR;
				CLANG_WARN_QUOTED_INCLUDE_IN_FRAMEWORK_HEADER = YES;
				CLANG_WARN_RANGE_LOOP_ANALYSIS = YES;
				CLANG_WARN_STRICT_PROTOTYPES = YES;
				CLANG_WARN_SUSPICIOUS_MOVE = YES;
				CLANG_WARN_UNGUARDED_AVAILABILITY = YES_AGGRESSIVE;
				CLANG_WARN_UNREACHABLE_CODE = YES;
				CLANG_WARN__DUPLICATE_METHOD_MATCH = YES;
				COPY_PHASE_STRIP = NO;
				DEBUG_INFORMATION_FORMAT = "dwarf-with-dsym";
				ENABLE_NS_ASSERTIONS = NO;
				ENABLE_STRICT_OBJC_MSGSEND = YES;
				GCC_C_LANGUAGE_STANDARD = gnu11;
				GCC_NO_COMMON_BLOCKS = YES;
				GCC_WARN_64_TO_32_BIT_CONVERSION = YES;
				GCC_WARN_ABOUT_RETURN_TYPE = YES_ERROR;
				GCC_WARN_UNDECLARED_SELECTOR = YES;
				GCC_WARN_UNINITIALIZED_AUTOS = YES_AGGRESSIVE;
				GCC_WARN_UNUSED_FUNCTION = YES;
				GCC_WARN_UNUSED_VARIABLE = YES;
				IPHONEOS_DEPLOYMENT_TARGET = 16.0;
				MTL_ENABLE_DEBUG_INFO = NO;
				MTL_FAST_MATH = YES;
				SDKROOT = iphoneos;
				SWIFT_COMPILATION_MODE = wholemodule;
				SWIFT_OPTIMIZATION_LEVEL = "-O";
				VALIDATE_PRODUCT = YES;
			};
			name = Release;
		};
		85C9CF3B28E71823000413C4 /* Debug */ = {
			isa = XCBuildConfiguration;
			buildSettings = {
				ASSETCATALOG_COMPILER_APPICON_NAME = AppIcon;
				ASSETCATALOG_COMPILER_GLOBAL_ACCENT_COLOR_NAME = AccentColor;
				CODE_SIGN_STYLE = Automatic;
				CURRENT_PROJECT_VERSION = 1;
				DEVELOPMENT_TEAM = 74C35CH58N;
				GENERATE_INFOPLIST_FILE = YES;
				INFOPLIST_FILE = mySecondApp/Info.plist;
				INFOPLIST_KEY_UIApplicationSupportsIndirectInputEvents = YES;
				INFOPLIST_KEY_UILaunchStoryboardName = LaunchScreen;
				INFOPLIST_KEY_UIMainStoryboardFile = Main;
				INFOPLIST_KEY_UISupportedInterfaceOrientations_iPad = "UIInterfaceOrientationPortrait UIInterfaceOrientationPortraitUpsideDown UIInterfaceOrientationLandscapeLeft UIInterfaceOrientationLandscapeRight";
				INFOPLIST_KEY_UISupportedInterfaceOrientations_iPhone = "UIInterfaceOrientationPortrait UIInterfaceOrientationLandscapeLeft UIInterfaceOrientationLandscapeRight";
				IPHONEOS_DEPLOYMENT_TARGET = 14.0;
				LD_RUNPATH_SEARCH_PATHS = (
					"$(inherited)",
					"@executable_path/Frameworks",
				);
				MARKETING_VERSION = 1.0;
				PRODUCT_BUNDLE_IDENTIFIER = com.Mario.mySecondApp;
				PRODUCT_NAME = "$(TARGET_NAME)";
				SWIFT_EMIT_LOC_STRINGS = YES;
				SWIFT_VERSION = 5.0;
				TARGETED_DEVICE_FAMILY = "1,2";
			};
			name = Debug;
		};
		85C9CF3C28E71823000413C4 /* Release */ = {
			isa = XCBuildConfiguration;
			buildSettings = {
				ASSETCATALOG_COMPILER_APPICON_NAME = AppIcon;
				ASSETCATALOG_COMPILER_GLOBAL_ACCENT_COLOR_NAME = AccentColor;
				CODE_SIGN_STYLE = Automatic;
				CURRENT_PROJECT_VERSION = 1;
				DEVELOPMENT_TEAM = 74C35CH58N;
				GENERATE_INFOPLIST_FILE = YES;
				INFOPLIST_FILE = mySecondApp/Info.plist;
				INFOPLIST_KEY_UIApplicationSupportsIndirectInputEvents = YES;
				INFOPLIST_KEY_UILaunchStoryboardName = LaunchScreen;
				INFOPLIST_KEY_UIMainStoryboardFile = Main;
				INFOPLIST_KEY_UISupportedInterfaceOrientations_iPad = "UIInterfaceOrientationPortrait UIInterfaceOrientationPortraitUpsideDown UIInterfaceOrientationLandscapeLeft UIInterfaceOrientationLandscapeRight";
				INFOPLIST_KEY_UISupportedInterfaceOrientations_iPhone = "UIInterfaceOrientationPortrait UIInterfaceOrientationLandscapeLeft UIInterfaceOrientationLandscapeRight";
				IPHONEOS_DEPLOYMENT_TARGET = 14.0;
				LD_RUNPATH_SEARCH_PATHS = (
					"$(inherited)",
					"@executable_path/Frameworks",
				);
				MARKETING_VERSION = 1.0;
				PRODUCT_BUNDLE_IDENTIFIER = com.Mario.mySecondApp;
				PRODUCT_NAME = "$(TARGET_NAME)";
				SWIFT_EMIT_LOC_STRINGS = YES;
				SWIFT_VERSION = 5.0;
				TARGETED_DEVICE_FAMILY = "1,2";
			};
			name = Release;
		};
		85C9CF3E28E71823000413C4 /* Debug */ = {
			isa = XCBuildConfiguration;
			buildSettings = {
				ALWAYS_EMBED_SWIFT_STANDARD_LIBRARIES = YES;
				BUNDLE_LOADER = "$(TEST_HOST)";
				CODE_SIGN_STYLE = Automatic;
				CURRENT_PROJECT_VERSION = 1;
				DEVELOPMENT_TEAM = 74C35CH58N;
				GENERATE_INFOPLIST_FILE = YES;
				IPHONEOS_DEPLOYMENT_TARGET = 16.0;
				MARKETING_VERSION = 1.0;
				PRODUCT_BUNDLE_IDENTIFIER = com.Mario.mySecondAppTests;
				PRODUCT_NAME = "$(TARGET_NAME)";
				SWIFT_EMIT_LOC_STRINGS = NO;
				SWIFT_VERSION = 5.0;
				TARGETED_DEVICE_FAMILY = "1,2";
				TEST_HOST = "$(BUILT_PRODUCTS_DIR)/mySecondApp.app/$(BUNDLE_EXECUTABLE_FOLDER_PATH)/mySecondApp";
			};
			name = Debug;
		};
		85C9CF3F28E71823000413C4 /* Release */ = {
			isa = XCBuildConfiguration;
			buildSettings = {
				ALWAYS_EMBED_SWIFT_STANDARD_LIBRARIES = YES;
				BUNDLE_LOADER = "$(TEST_HOST)";
				CODE_SIGN_STYLE = Automatic;
				CURRENT_PROJECT_VERSION = 1;
				DEVELOPMENT_TEAM = 74C35CH58N;
				GENERATE_INFOPLIST_FILE = YES;
				IPHONEOS_DEPLOYMENT_TARGET = 16.0;
				MARKETING_VERSION = 1.0;
				PRODUCT_BUNDLE_IDENTIFIER = com.Mario.mySecondAppTests;
				PRODUCT_NAME = "$(TARGET_NAME)";
				SWIFT_EMIT_LOC_STRINGS = NO;
				SWIFT_VERSION = 5.0;
				TARGETED_DEVICE_FAMILY = "1,2";
				TEST_HOST = "$(BUILT_PRODUCTS_DIR)/mySecondApp.app/$(BUNDLE_EXECUTABLE_FOLDER_PATH)/mySecondApp";
			};
			name = Release;
		};
		85C9CF4128E71823000413C4 /* Debug */ = {
			isa = XCBuildConfiguration;
			buildSettings = {
				ALWAYS_EMBED_SWIFT_STANDARD_LIBRARIES = YES;
				CODE_SIGN_STYLE = Automatic;
				CURRENT_PROJECT_VERSION = 1;
				DEVELOPMENT_TEAM = 74C35CH58N;
				GENERATE_INFOPLIST_FILE = YES;
				MARKETING_VERSION = 1.0;
				PRODUCT_BUNDLE_IDENTIFIER = com.Mario.mySecondAppUITests;
				PRODUCT_NAME = "$(TARGET_NAME)";
				SWIFT_EMIT_LOC_STRINGS = NO;
				SWIFT_VERSION = 5.0;
				TARGETED_DEVICE_FAMILY = "1,2";
				TEST_TARGET_NAME = mySecondApp;
			};
			name = Debug;
		};
		85C9CF4228E71823000413C4 /* Release */ = {
			isa = XCBuildConfiguration;
			buildSettings = {
				ALWAYS_EMBED_SWIFT_STANDARD_LIBRARIES = YES;
				CODE_SIGN_STYLE = Automatic;
				CURRENT_PROJECT_VERSION = 1;
				DEVELOPMENT_TEAM = 74C35CH58N;
				GENERATE_INFOPLIST_FILE = YES;
				MARKETING_VERSION = 1.0;
				PRODUCT_BUNDLE_IDENTIFIER = com.Mario.mySecondAppUITests;
				PRODUCT_NAME = "$(TARGET_NAME)";
				SWIFT_EMIT_LOC_STRINGS = NO;
				SWIFT_VERSION = 5.0;
				TARGETED_DEVICE_FAMILY = "1,2";
				TEST_TARGET_NAME = mySecondApp;
			};
			name = Release;
		};
/* End XCBuildConfiguration section */

/* Begin XCConfigurationList section */
		85C9CF0B28E71818000413C4 /* Build configuration list for PBXProject "mySecondApp" */ = {
			isa = XCConfigurationList;
			buildConfigurations = (
				85C9CF3828E71823000413C4 /* Debug */,
				85C9CF3928E71823000413C4 /* Release */,
			);
			defaultConfigurationIsVisible = 0;
			defaultConfigurationName = Release;
		};
		85C9CF3A28E71823000413C4 /* Build configuration list for PBXNativeTarget "mySecondApp" */ = {
			isa = XCConfigurationList;
			buildConfigurations = (
				85C9CF3B28E71823000413C4 /* Debug */,
				85C9CF3C28E71823000413C4 /* Release */,
			);
			defaultConfigurationIsVisible = 0;
			defaultConfigurationName = Release;
		};
		85C9CF3D28E71823000413C4 /* Build configuration list for PBXNativeTarget "mySecondAppTests" */ = {
			isa = XCConfigurationList;
			buildConfigurations = (
				85C9CF3E28E71823000413C4 /* Debug */,
				85C9CF3F28E71823000413C4 /* Release */,
			);
			defaultConfigurationIsVisible = 0;
			defaultConfigurationName = Release;
		};
		85C9CF4028E71823000413C4 /* Build configuration list for PBXNativeTarget "mySecondAppUITests" */ = {
			isa = XCConfigurationList;
			buildConfigurations = (
				85C9CF4128E71823000413C4 /* Debug */,
				85C9CF4228E71823000413C4 /* Release */,
			);
			defaultConfigurationIsVisible = 0;
			defaultConfigurationName = Release;
		};
/* End XCConfigurationList section */
	};
	rootObject = 85C9CF0828E71818000413C4 /* Project object */;
}
