// !$*UTF8*$!
{
	archiveVersion = 1;
	classes = {
	};
	objectVersion = 56;
	objects = {

/* Begin PBXBuildFile section */
		8518F3C328FA05D100296282 /* ImageViewController.swift in Sources */ = {isa = PBXBuildFile; fileRef = 8518F3C228FA05D100296282 /* ImageViewController.swift */; };
		8538580F28F6F3F500F9CF5A /* AppDelegate.swift in Sources */ = {isa = PBXBuildFile; fileRef = 8538580E28F6F3F500F9CF5A /* AppDelegate.swift */; };
		8538581128F6F3F500F9CF5A /* SceneDelegate.swift in Sources */ = {isa = PBXBuildFile; fileRef = 8538581028F6F3F500F9CF5A /* SceneDelegate.swift */; };
		8538581328F6F3F500F9CF5A /* ViewController.swift in Sources */ = {isa = PBXBuildFile; fileRef = 8538581228F6F3F500F9CF5A /* ViewController.swift */; };
		8538581628F6F3F500F9CF5A /* Main.storyboard in Resources */ = {isa = PBXBuildFile; fileRef = 8538581428F6F3F500F9CF5A /* Main.storyboard */; };
		8538581828F6F3FB00F9CF5A /* Assets.xcassets in Resources */ = {isa = PBXBuildFile; fileRef = 8538581728F6F3FB00F9CF5A /* Assets.xcassets */; };
		8538581B28F6F3FB00F9CF5A /* LaunchScreen.storyboard in Resources */ = {isa = PBXBuildFile; fileRef = 8538581928F6F3FB00F9CF5A /* LaunchScreen.storyboard */; };
		8538582628F6F3FC00F9CF5A /* CalculadoraTests.swift in Sources */ = {isa = PBXBuildFile; fileRef = 8538582528F6F3FC00F9CF5A /* CalculadoraTests.swift */; };
		8538583028F6F3FC00F9CF5A /* CalculadoraUITests.swift in Sources */ = {isa = PBXBuildFile; fileRef = 8538582F28F6F3FC00F9CF5A /* CalculadoraUITests.swift */; };
		8538583228F6F3FC00F9CF5A /* CalculadoraUITestsLaunchTests.swift in Sources */ = {isa = PBXBuildFile; fileRef = 8538583128F6F3FC00F9CF5A /* CalculadoraUITestsLaunchTests.swift */; };
/* End PBXBuildFile section */

/* Begin PBXContainerItemProxy section */
		8538582228F6F3FC00F9CF5A /* PBXContainerItemProxy */ = {
			isa = PBXContainerItemProxy;
			containerPortal = 8538580328F6F3F500F9CF5A /* Project object */;
			proxyType = 1;
			remoteGlobalIDString = 8538580A28F6F3F500F9CF5A;
			remoteInfo = Calculadora;
		};
		8538582C28F6F3FC00F9CF5A /* PBXContainerItemProxy */ = {
			isa = PBXContainerItemProxy;
			containerPortal = 8538580328F6F3F500F9CF5A /* Project object */;
			proxyType = 1;
			remoteGlobalIDString = 8538580A28F6F3F500F9CF5A;
			remoteInfo = Calculadora;
		};
/* End PBXContainerItemProxy section */

/* Begin PBXFileReference section */
		8518F3C228FA05D100296282 /* ImageViewController.swift */ = {isa = PBXFileReference; lastKnownFileType = sourcecode.swift; path = ImageViewController.swift; sourceTree = "<group>"; };
		8538580B28F6F3F500F9CF5A /* Calculadora.app */ = {isa = PBXFileReference; explicitFileType = wrapper.application; includeInIndex = 0; path = Calculadora.app; sourceTree = BUILT_PRODUCTS_DIR; };
		8538580E28F6F3F500F9CF5A /* AppDelegate.swift */ = {isa = PBXFileReference; lastKnownFileType = sourcecode.swift; path = AppDelegate.swift; sourceTree = "<group>"; };
		8538581028F6F3F500F9CF5A /* SceneDelegate.swift */ = {isa = PBXFileReference; lastKnownFileType = sourcecode.swift; path = SceneDelegate.swift; sourceTree = "<group>"; };
		8538581228F6F3F500F9CF5A /* ViewController.swift */ = {isa = PBXFileReference; lastKnownFileType = sourcecode.swift; path = ViewController.swift; sourceTree = "<group>"; };
		8538581528F6F3F500F9CF5A /* Base */ = {isa = PBXFileReference; lastKnownFileType = file.storyboard; name = Base; path = Base.lproj/Main.storyboard; sourceTree = "<group>"; };
		8538581728F6F3FB00F9CF5A /* Assets.xcassets */ = {isa = PBXFileReference; lastKnownFileType = folder.assetcatalog; path = Assets.xcassets; sourceTree = "<group>"; };
		8538581A28F6F3FB00F9CF5A /* Base */ = {isa = PBXFileReference; lastKnownFileType = file.storyboard; name = Base; path = Base.lproj/LaunchScreen.storyboard; sourceTree = "<group>"; };
		8538581C28F6F3FB00F9CF5A /* Info.plist */ = {isa = PBXFileReference; lastKnownFileType = text.plist.xml; path = Info.plist; sourceTree = "<group>"; };
		8538582128F6F3FC00F9CF5A /* CalculadoraTests.xctest */ = {isa = PBXFileReference; explicitFileType = wrapper.cfbundle; includeInIndex = 0; path = CalculadoraTests.xctest; sourceTree = BUILT_PRODUCTS_DIR; };
		8538582528F6F3FC00F9CF5A /* CalculadoraTests.swift */ = {isa = PBXFileReference; lastKnownFileType = sourcecode.swift; path = CalculadoraTests.swift; sourceTree = "<group>"; };
		8538582B28F6F3FC00F9CF5A /* CalculadoraUITests.xctest */ = {isa = PBXFileReference; explicitFileType = wrapper.cfbundle; includeInIndex = 0; path = CalculadoraUITests.xctest; sourceTree = BUILT_PRODUCTS_DIR; };
		8538582F28F6F3FC00F9CF5A /* CalculadoraUITests.swift */ = {isa = PBXFileReference; lastKnownFileType = sourcecode.swift; path = CalculadoraUITests.swift; sourceTree = "<group>"; };
		8538583128F6F3FC00F9CF5A /* CalculadoraUITestsLaunchTests.swift */ = {isa = PBXFileReference; lastKnownFileType = sourcecode.swift; path = CalculadoraUITestsLaunchTests.swift; sourceTree = "<group>"; };
/* End PBXFileReference section */

/* Begin PBXFrameworksBuildPhase section */
		8538580828F6F3F500F9CF5A /* Frameworks */ = {
			isa = PBXFrameworksBuildPhase;
			buildActionMask = 2147483647;
			files = (
			);
			runOnlyForDeploymentPostprocessing = 0;
		};
		8538581E28F6F3FC00F9CF5A /* Frameworks */ = {
			isa = PBXFrameworksBuildPhase;
			buildActionMask = 2147483647;
			files = (
			);
			runOnlyForDeploymentPostprocessing = 0;
		};
		8538582828F6F3FC00F9CF5A /* Frameworks */ = {
			isa = PBXFrameworksBuildPhase;
			buildActionMask = 2147483647;
			files = (
			);
			runOnlyForDeploymentPostprocessing = 0;
		};
/* End PBXFrameworksBuildPhase section */

/* Begin PBXGroup section */
		8538580228F6F3F500F9CF5A = {
			isa = PBXGroup;
			children = (
				8538580D28F6F3F500F9CF5A /* Calculadora */,
				8538582428F6F3FC00F9CF5A /* CalculadoraTests */,
				8538582E28F6F3FC00F9CF5A /* CalculadoraUITests */,
				8538580C28F6F3F500F9CF5A /* Products */,
			);
			sourceTree = "<group>";
		};
		8538580C28F6F3F500F9CF5A /* Products */ = {
			isa = PBXGroup;
			children = (
				8538580B28F6F3F500F9CF5A /* Calculadora.app */,
				8538582128F6F3FC00F9CF5A /* CalculadoraTests.xctest */,
				8538582B28F6F3FC00F9CF5A /* CalculadoraUITests.xctest */,
			);
			name = Products;
			sourceTree = "<group>";
		};
		8538580D28F6F3F500F9CF5A /* Calculadora */ = {
			isa = PBXGroup;
			children = (
				8538580E28F6F3F500F9CF5A /* AppDelegate.swift */,
				8538581028F6F3F500F9CF5A /* SceneDelegate.swift */,
				8538581228F6F3F500F9CF5A /* ViewController.swift */,
				8538581428F6F3F500F9CF5A /* Main.storyboard */,
				8538581728F6F3FB00F9CF5A /* Assets.xcassets */,
				8538581928F6F3FB00F9CF5A /* LaunchScreen.storyboard */,
				8538581C28F6F3FB00F9CF5A /* Info.plist */,
				8518F3C228FA05D100296282 /* ImageViewController.swift */,
			);
			path = Calculadora;
			sourceTree = "<group>";
		};
		8538582428F6F3FC00F9CF5A /* CalculadoraTests */ = {
			isa = PBXGroup;
			children = (
				8538582528F6F3FC00F9CF5A /* CalculadoraTests.swift */,
			);
			path = CalculadoraTests;
			sourceTree = "<group>";
		};
		8538582E28F6F3FC00F9CF5A /* CalculadoraUITests */ = {
			isa = PBXGroup;
			children = (
				8538582F28F6F3FC00F9CF5A /* CalculadoraUITests.swift */,
				8538583128F6F3FC00F9CF5A /* CalculadoraUITestsLaunchTests.swift */,
			);
			path = CalculadoraUITests;
			sourceTree = "<group>";
		};
/* End PBXGroup section */

/* Begin PBXNativeTarget section */
		8538580A28F6F3F500F9CF5A /* Calculadora */ = {
			isa = PBXNativeTarget;
			buildConfigurationList = 8538583528F6F3FC00F9CF5A /* Build configuration list for PBXNativeTarget "Calculadora" */;
			buildPhases = (
				8538580728F6F3F500F9CF5A /* Sources */,
				8538580828F6F3F500F9CF5A /* Frameworks */,
				8538580928F6F3F500F9CF5A /* Resources */,
			);
			buildRules = (
			);
			dependencies = (
			);
			name = Calculadora;
			productName = Calculadora;
			productReference = 8538580B28F6F3F500F9CF5A /* Calculadora.app */;
			productType = "com.apple.product-type.application";
		};
		8538582028F6F3FC00F9CF5A /* CalculadoraTests */ = {
			isa = PBXNativeTarget;
			buildConfigurationList = 8538583828F6F3FC00F9CF5A /* Build configuration list for PBXNativeTarget "CalculadoraTests" */;
			buildPhases = (
				8538581D28F6F3FC00F9CF5A /* Sources */,
				8538581E28F6F3FC00F9CF5A /* Frameworks */,
				8538581F28F6F3FC00F9CF5A /* Resources */,
			);
			buildRules = (
			);
			dependencies = (
				8538582328F6F3FC00F9CF5A /* PBXTargetDependency */,
			);
			name = CalculadoraTests;
			productName = CalculadoraTests;
			productReference = 8538582128F6F3FC00F9CF5A /* CalculadoraTests.xctest */;
			productType = "com.apple.product-type.bundle.unit-test";
		};
		8538582A28F6F3FC00F9CF5A /* CalculadoraUITests */ = {
			isa = PBXNativeTarget;
			buildConfigurationList = 8538583B28F6F3FC00F9CF5A /* Build configuration list for PBXNativeTarget "CalculadoraUITests" */;
			buildPhases = (
				8538582728F6F3FC00F9CF5A /* Sources */,
				8538582828F6F3FC00F9CF5A /* Frameworks */,
				8538582928F6F3FC00F9CF5A /* Resources */,
			);
			buildRules = (
			);
			dependencies = (
				8538582D28F6F3FC00F9CF5A /* PBXTargetDependency */,
			);
			name = CalculadoraUITests;
			productName = CalculadoraUITests;
			productReference = 8538582B28F6F3FC00F9CF5A /* CalculadoraUITests.xctest */;
			productType = "com.apple.product-type.bundle.ui-testing";
		};
/* End PBXNativeTarget section */

/* Begin PBXProject section */
		8538580328F6F3F500F9CF5A /* Project object */ = {
			isa = PBXProject;
			attributes = {
				BuildIndependentTargetsInParallel = 1;
				LastSwiftUpdateCheck = 1400;
				LastUpgradeCheck = 1400;
				TargetAttributes = {
					8538580A28F6F3F500F9CF5A = {
						CreatedOnToolsVersion = 14.0.1;
					};
					8538582028F6F3FC00F9CF5A = {
						CreatedOnToolsVersion = 14.0.1;
						TestTargetID = 8538580A28F6F3F500F9CF5A;
					};
					8538582A28F6F3FC00F9CF5A = {
						CreatedOnToolsVersion = 14.0.1;
						TestTargetID = 8538580A28F6F3F500F9CF5A;
					};
				};
			};
			buildConfigurationList = 8538580628F6F3F500F9CF5A /* Build configuration list for PBXProject "Calculadora" */;
			compatibilityVersion = "Xcode 14.0";
			developmentRegion = en;
			hasScannedForEncodings = 0;
			knownRegions = (
				en,
				Base,
			);
			mainGroup = 8538580228F6F3F500F9CF5A;
			productRefGroup = 8538580C28F6F3F500F9CF5A /* Products */;
			projectDirPath = "";
			projectRoot = "";
			targets = (
				8538580A28F6F3F500F9CF5A /* Calculadora */,
				8538582028F6F3FC00F9CF5A /* CalculadoraTests */,
				8538582A28F6F3FC00F9CF5A /* CalculadoraUITests */,
			);
		};
/* End PBXProject section */

/* Begin PBXResourcesBuildPhase section */
		8538580928F6F3F500F9CF5A /* Resources */ = {
			isa = PBXResourcesBuildPhase;
			buildActionMask = 2147483647;
			files = (
				8538581B28F6F3FB00F9CF5A /* LaunchScreen.storyboard in Resources */,
				8538581828F6F3FB00F9CF5A /* Assets.xcassets in Resources */,
				8538581628F6F3F500F9CF5A /* Main.storyboard in Resources */,
			);
			runOnlyForDeploymentPostprocessing = 0;
		};
		8538581F28F6F3FC00F9CF5A /* Resources */ = {
			isa = PBXResourcesBuildPhase;
			buildActionMask = 2147483647;
			files = (
			);
			runOnlyForDeploymentPostprocessing = 0;
		};
		8538582928F6F3FC00F9CF5A /* Resources */ = {
			isa = PBXResourcesBuildPhase;
			buildActionMask = 2147483647;
			files = (
			);
			runOnlyForDeploymentPostprocessing = 0;
		};
/* End PBXResourcesBuildPhase section */

/* Begin PBXSourcesBuildPhase section */
		8538580728F6F3F500F9CF5A /* Sources */ = {
			isa = PBXSourcesBuildPhase;
			buildActionMask = 2147483647;
			files = (
				8538581328F6F3F500F9CF5A /* ViewController.swift in Sources */,
				8538580F28F6F3F500F9CF5A /* AppDelegate.swift in Sources */,
				8518F3C328FA05D100296282 /* ImageViewController.swift in Sources */,
				8538581128F6F3F500F9CF5A /* SceneDelegate.swift in Sources */,
			);
			runOnlyForDeploymentPostprocessing = 0;
		};
		8538581D28F6F3FC00F9CF5A /* Sources */ = {
			isa = PBXSourcesBuildPhase;
			buildActionMask = 2147483647;
			files = (
				8538582628F6F3FC00F9CF5A /* CalculadoraTests.swift in Sources */,
			);
			runOnlyForDeploymentPostprocessing = 0;
		};
		8538582728F6F3FC00F9CF5A /* Sources */ = {
			isa = PBXSourcesBuildPhase;
			buildActionMask = 2147483647;
			files = (
				8538583228F6F3FC00F9CF5A /* CalculadoraUITestsLaunchTests.swift in Sources */,
				8538583028F6F3FC00F9CF5A /* CalculadoraUITests.swift in Sources */,
			);
			runOnlyForDeploymentPostprocessing = 0;
		};
/* End PBXSourcesBuildPhase section */

/* Begin PBXTargetDependency section */
		8538582328F6F3FC00F9CF5A /* PBXTargetDependency */ = {
			isa = PBXTargetDependency;
			target = 8538580A28F6F3F500F9CF5A /* Calculadora */;
			targetProxy = 8538582228F6F3FC00F9CF5A /* PBXContainerItemProxy */;
		};
		8538582D28F6F3FC00F9CF5A /* PBXTargetDependency */ = {
			isa = PBXTargetDependency;
			target = 8538580A28F6F3F500F9CF5A /* Calculadora */;
			targetProxy = 8538582C28F6F3FC00F9CF5A /* PBXContainerItemProxy */;
		};
/* End PBXTargetDependency section */

/* Begin PBXVariantGroup section */
		8538581428F6F3F500F9CF5A /* Main.storyboard */ = {
			isa = PBXVariantGroup;
			children = (
				8538581528F6F3F500F9CF5A /* Base */,
			);
			name = Main.storyboard;
			sourceTree = "<group>";
		};
		8538581928F6F3FB00F9CF5A /* LaunchScreen.storyboard */ = {
			isa = PBXVariantGroup;
			children = (
				8538581A28F6F3FB00F9CF5A /* Base */,
			);
			name = LaunchScreen.storyboard;
			sourceTree = "<group>";
		};
/* End PBXVariantGroup section */

/* Begin XCBuildConfiguration section */
		8538583328F6F3FC00F9CF5A /* Debug */ = {
			isa = XCBuildConfiguration;
			buildSettings = {
				ALWAYS_SEARCH_USER_PATHS = NO;
				CLANG_ANALYZER_NONNULL = YES;
				CLANG_ANALYZER_NUMBER_OBJECT_CONVERSION = YES_AGGRESSIVE;
				CLANG_CXX_LANGUAGE_STANDARD = "gnu++20";
				CLANG_ENABLE_MODULES = YES;
				CLANG_ENABLE_OBJC_ARC = YES;
				CLANG_ENABLE_OBJC_WEAK = YES;
				CLANG_WARN_BLOCK_CAPTURE_AUTORELEASING = YES;
				CLANG_WARN_BOOL_CONVERSION = YES;
				CLANG_WARN_COMMA = YES;
				CLANG_WARN_CONSTANT_CONVERSION = YES;
				CLANG_WARN_DEPRECATED_OBJC_IMPLEMENTATIONS = YES;
				CLANG_WARN_DIRECT_OBJC_ISA_USAGE = YES_ERROR;
				CLANG_WARN_DOCUMENTATION_COMMENTS = YES;
				CLANG_WARN_EMPTY_BODY = YES;
				CLANG_WARN_ENUM_CONVERSION = YES;
				CLANG_WARN_INFINITE_RECURSION = YES;
				CLANG_WARN_INT_CONVERSION = YES;
				CLANG_WARN_NON_LITERAL_NULL_CONVERSION = YES;
				CLANG_WARN_OBJC_IMPLICIT_RETAIN_SELF = YES;
				CLANG_WARN_OBJC_LITERAL_CONVERSION = YES;
				CLANG_WARN_OBJC_ROOT_CLASS = YES_ERROR;
				CLANG_WARN_QUOTED_INCLUDE_IN_FRAMEWORK_HEADER = YES;
				CLANG_WARN_RANGE_LOOP_ANALYSIS = YES;
				CLANG_WARN_STRICT_PROTOTYPES = YES;
				CLANG_WARN_SUSPICIOUS_MOVE = YES;
				CLANG_WARN_UNGUARDED_AVAILABILITY = YES_AGGRESSIVE;
				CLANG_WARN_UNREACHABLE_CODE = YES;
				CLANG_WARN__DUPLICATE_METHOD_MATCH = YES;
				COPY_PHASE_STRIP = NO;
				DEBUG_INFORMATION_FORMAT = dwarf;
				ENABLE_STRICT_OBJC_MSGSEND = YES;
				ENABLE_TESTABILITY = YES;
				GCC_C_LANGUAGE_STANDARD = gnu11;
				GCC_DYNAMIC_NO_PIC = NO;
				GCC_NO_COMMON_BLOCKS = YES;
				GCC_OPTIMIZATION_LEVEL = 0;
				GCC_PREPROCESSOR_DEFINITIONS = (
					"DEBUG=1",
					"$(inherited)",
				);
				GCC_WARN_64_TO_32_BIT_CONVERSION = YES;
				GCC_WARN_ABOUT_RETURN_TYPE = YES_ERROR;
				GCC_WARN_UNDECLARED_SELECTOR = YES;
				GCC_WARN_UNINITIALIZED_AUTOS = YES_AGGRESSIVE;
				GCC_WARN_UNUSED_FUNCTION = YES;
				GCC_WARN_UNUSED_VARIABLE = YES;
				IPHONEOS_DEPLOYMENT_TARGET = 16.0;
				MTL_ENABLE_DEBUG_INFO = INCLUDE_SOURCE;
				MTL_FAST_MATH = YES;
				ONLY_ACTIVE_ARCH = YES;
				SDKROOT = iphoneos;
				SWIFT_ACTIVE_COMPILATION_CONDITIONS = DEBUG;
				SWIFT_OPTIMIZATION_LEVEL = "-Onone";
			};
			name = Debug;
		};
		8538583428F6F3FC00F9CF5A /* Release */ = {
			isa = XCBuildConfiguration;
			buildSettings = {
				ALWAYS_SEARCH_USER_PATHS = NO;
				CLANG_ANALYZER_NONNULL = YES;
				CLANG_ANALYZER_NUMBER_OBJECT_CONVERSION = YES_AGGRESSIVE;
				CLANG_CXX_LANGUAGE_STANDARD = "gnu++20";
				CLANG_ENABLE_MODULES = YES;
				CLANG_ENABLE_OBJC_ARC = YES;
				CLANG_ENABLE_OBJC_WEAK = YES;
				CLANG_WARN_BLOCK_CAPTURE_AUTORELEASING = YES;
				CLANG_WARN_BOOL_CONVERSION = YES;
				CLANG_WARN_COMMA = YES;
				CLANG_WARN_CONSTANT_CONVERSION = YES;
				CLANG_WARN_DEPRECATED_OBJC_IMPLEMENTATIONS = YES;
				CLANG_WARN_DIRECT_OBJC_ISA_USAGE = YES_ERROR;
				CLANG_WARN_DOCUMENTATION_COMMENTS = YES;
				CLANG_WARN_EMPTY_BODY = YES;
				CLANG_WARN_ENUM_CONVERSION = YES;
				CLANG_WARN_INFINITE_RECURSION = YES;
				CLANG_WARN_INT_CONVERSION = YES;
				CLANG_WARN_NON_LITERAL_NULL_CONVERSION = YES;
				CLANG_WARN_OBJC_IMPLICIT_RETAIN_SELF = YES;
				CLANG_WARN_OBJC_LITERAL_CONVERSION = YES;
				CLANG_WARN_OBJC_ROOT_CLASS = YES_ERROR;
				CLANG_WARN_QUOTED_INCLUDE_IN_FRAMEWORK_HEADER = YES;
				CLANG_WARN_RANGE_LOOP_ANALYSIS = YES;
				CLANG_WARN_STRICT_PROTOTYPES = YES;
				CLANG_WARN_SUSPICIOUS_MOVE = YES;
				CLANG_WARN_UNGUARDED_AVAILABILITY = YES_AGGRESSIVE;
				CLANG_WARN_UNREACHABLE_CODE = YES;
				CLANG_WARN__DUPLICATE_METHOD_MATCH = YES;
				COPY_PHASE_STRIP = NO;
				DEBUG_INFORMATION_FORMAT = "dwarf-with-dsym";
				ENABLE_NS_ASSERTIONS = NO;
				ENABLE_STRICT_OBJC_MSGSEND = YES;
				GCC_C_LANGUAGE_STANDARD = gnu11;
				GCC_NO_COMMON_BLOCKS = YES;
				GCC_WARN_64_TO_32_BIT_CONVERSION = YES;
				GCC_WARN_ABOUT_RETURN_TYPE = YES_ERROR;
				GCC_WARN_UNDECLARED_SELECTOR = YES;
				GCC_WARN_UNINITIALIZED_AUTOS = YES_AGGRESSIVE;
				GCC_WARN_UNUSED_FUNCTION = YES;
				GCC_WARN_UNUSED_VARIABLE = YES;
				IPHONEOS_DEPLOYMENT_TARGET = 16.0;
				MTL_ENABLE_DEBUG_INFO = NO;
				MTL_FAST_MATH = YES;
				SDKROOT = iphoneos;
				SWIFT_COMPILATION_MODE = wholemodule;
				SWIFT_OPTIMIZATION_LEVEL = "-O";
				VALIDATE_PRODUCT = YES;
			};
			name = Release;
		};
		8538583628F6F3FC00F9CF5A /* Debug */ = {
			isa = XCBuildConfiguration;
			buildSettings = {
				ASSETCATALOG_COMPILER_APPICON_NAME = AppIcon;
				ASSETCATALOG_COMPILER_GLOBAL_ACCENT_COLOR_NAME = AccentColor;
				CODE_SIGN_STYLE = Automatic;
				CURRENT_PROJECT_VERSION = 1;
				DEVELOPMENT_TEAM = 74C35CH58N;
				GENERATE_INFOPLIST_FILE = YES;
				INFOPLIST_FILE = Calculadora/Info.plist;
				INFOPLIST_KEY_UIApplicationSupportsIndirectInputEvents = YES;
				INFOPLIST_KEY_UILaunchStoryboardName = LaunchScreen;
				INFOPLIST_KEY_UIMainStoryboardFile = Main;
				INFOPLIST_KEY_UISupportedInterfaceOrientations_iPad = "UIInterfaceOrientationPortrait UIInterfaceOrientationPortraitUpsideDown UIInterfaceOrientationLandscapeLeft UIInterfaceOrientationLandscapeRight";
				INFOPLIST_KEY_UISupportedInterfaceOrientations_iPhone = "UIInterfaceOrientationPortrait UIInterfaceOrientationLandscapeLeft UIInterfaceOrientationLandscapeRight";
				LD_RUNPATH_SEARCH_PATHS = (
					"$(inherited)",
					"@executable_path/Frameworks",
				);
				MARKETING_VERSION = 1.0;
				PRODUCT_BUNDLE_IDENTIFIER = com.Mario.Calculadora;
				PRODUCT_NAME = "$(TARGET_NAME)";
				SWIFT_EMIT_LOC_STRINGS = YES;
				SWIFT_VERSION = 5.0;
				TARGETED_DEVICE_FAMILY = "1,2";
			};
			name = Debug;
		};
		8538583728F6F3FC00F9CF5A /* Release */ = {
			isa = XCBuildConfiguration;
			buildSettings = {
				ASSETCATALOG_COMPILER_APPICON_NAME = AppIcon;
				ASSETCATALOG_COMPILER_GLOBAL_ACCENT_COLOR_NAME = AccentColor;
				CODE_SIGN_STYLE = Automatic;
				CURRENT_PROJECT_VERSION = 1;
				DEVELOPMENT_TEAM = 74C35CH58N;
				GENERATE_INFOPLIST_FILE = YES;
				INFOPLIST_FILE = Calculadora/Info.plist;
				INFOPLIST_KEY_UIApplicationSupportsIndirectInputEvents = YES;
				INFOPLIST_KEY_UILaunchStoryboardName = LaunchScreen;
				INFOPLIST_KEY_UIMainStoryboardFile = Main;
				INFOPLIST_KEY_UISupportedInterfaceOrientations_iPad = "UIInterfaceOrientationPortrait UIInterfaceOrientationPortraitUpsideDown UIInterfaceOrientationLandscapeLeft UIInterfaceOrientationLandscapeRight";
				INFOPLIST_KEY_UISupportedInterfaceOrientations_iPhone = "UIInterfaceOrientationPortrait UIInterfaceOrientationLandscapeLeft UIInterfaceOrientationLandscapeRight";
				LD_RUNPATH_SEARCH_PATHS = (
					"$(inherited)",
					"@executable_path/Frameworks",
				);
				MARKETING_VERSION = 1.0;
				PRODUCT_BUNDLE_IDENTIFIER = com.Mario.Calculadora;
				PRODUCT_NAME = "$(TARGET_NAME)";
				SWIFT_EMIT_LOC_STRINGS = YES;
				SWIFT_VERSION = 5.0;
				TARGETED_DEVICE_FAMILY = "1,2";
			};
			name = Release;
		};
		8538583928F6F3FC00F9CF5A /* Debug */ = {
			isa = XCBuildConfiguration;
			buildSettings = {
				ALWAYS_EMBED_SWIFT_STANDARD_LIBRARIES = YES;
				BUNDLE_LOADER = "$(TEST_HOST)";
				CODE_SIGN_STYLE = Automatic;
				CURRENT_PROJECT_VERSION = 1;
				DEVELOPMENT_TEAM = 74C35CH58N;
				GENERATE_INFOPLIST_FILE = YES;
				IPHONEOS_DEPLOYMENT_TARGET = 16.0;
				MARKETING_VERSION = 1.0;
				PRODUCT_BUNDLE_IDENTIFIER = com.Mario.CalculadoraTests;
				PRODUCT_NAME = "$(TARGET_NAME)";
				SWIFT_EMIT_LOC_STRINGS = NO;
				SWIFT_VERSION = 5.0;
				TARGETED_DEVICE_FAMILY = "1,2";
				TEST_HOST = "$(BUILT_PRODUCTS_DIR)/Calculadora.app/$(BUNDLE_EXECUTABLE_FOLDER_PATH)/Calculadora";
			};
			name = Debug;
		};
		8538583A28F6F3FC00F9CF5A /* Release */ = {
			isa = XCBuildConfiguration;
			buildSettings = {
				ALWAYS_EMBED_SWIFT_STANDARD_LIBRARIES = YES;
				BUNDLE_LOADER = "$(TEST_HOST)";
				CODE_SIGN_STYLE = Automatic;
				CURRENT_PROJECT_VERSION = 1;
				DEVELOPMENT_TEAM = 74C35CH58N;
				GENERATE_INFOPLIST_FILE = YES;
				IPHONEOS_DEPLOYMENT_TARGET = 16.0;
				MARKETING_VERSION = 1.0;
				PRODUCT_BUNDLE_IDENTIFIER = com.Mario.CalculadoraTests;
				PRODUCT_NAME = "$(TARGET_NAME)";
				SWIFT_EMIT_LOC_STRINGS = NO;
				SWIFT_VERSION = 5.0;
				TARGETED_DEVICE_FAMILY = "1,2";
				TEST_HOST = "$(BUILT_PRODUCTS_DIR)/Calculadora.app/$(BUNDLE_EXECUTABLE_FOLDER_PATH)/Calculadora";
			};
			name = Release;
		};
		8538583C28F6F3FC00F9CF5A /* Debug */ = {
			isa = XCBuildConfiguration;
			buildSettings = {
				ALWAYS_EMBED_SWIFT_STANDARD_LIBRARIES = YES;
				CODE_SIGN_STYLE = Automatic;
				CURRENT_PROJECT_VERSION = 1;
				DEVELOPMENT_TEAM = 74C35CH58N;
				GENERATE_INFOPLIST_FILE = YES;
				MARKETING_VERSION = 1.0;
				PRODUCT_BUNDLE_IDENTIFIER = com.Mario.CalculadoraUITests;
				PRODUCT_NAME = "$(TARGET_NAME)";
				SWIFT_EMIT_LOC_STRINGS = NO;
				SWIFT_VERSION = 5.0;
				TARGETED_DEVICE_FAMILY = "1,2";
				TEST_TARGET_NAME = Calculadora;
			};
			name = Debug;
		};
		8538583D28F6F3FC00F9CF5A /* Release */ = {
			isa = XCBuildConfiguration;
			buildSettings = {
				ALWAYS_EMBED_SWIFT_STANDARD_LIBRARIES = YES;
				CODE_SIGN_STYLE = Automatic;
				CURRENT_PROJECT_VERSION = 1;
				DEVELOPMENT_TEAM = 74C35CH58N;
				GENERATE_INFOPLIST_FILE = YES;
				MARKETING_VERSION = 1.0;
				PRODUCT_BUNDLE_IDENTIFIER = com.Mario.CalculadoraUITests;
				PRODUCT_NAME = "$(TARGET_NAME)";
				SWIFT_EMIT_LOC_STRINGS = NO;
				SWIFT_VERSION = 5.0;
				TARGETED_DEVICE_FAMILY = "1,2";
				TEST_TARGET_NAME = Calculadora;
			};
			name = Release;
		};
/* End XCBuildConfiguration section */

/* Begin XCConfigurationList section */
		8538580628F6F3F500F9CF5A /* Build configuration list for PBXProject "Calculadora" */ = {
			isa = XCConfigurationList;
			buildConfigurations = (
				8538583328F6F3FC00F9CF5A /* Debug */,
				8538583428F6F3FC00F9CF5A /* Release */,
			);
			defaultConfigurationIsVisible = 0;
			defaultConfigurationName = Release;
		};
		8538583528F6F3FC00F9CF5A /* Build configuration list for PBXNativeTarget "Calculadora" */ = {
			isa = XCConfigurationList;
			buildConfigurations = (
				8538583628F6F3FC00F9CF5A /* Debug */,
				8538583728F6F3FC00F9CF5A /* Release */,
			);
			defaultConfigurationIsVisible = 0;
			defaultConfigurationName = Release;
		};
		8538583828F6F3FC00F9CF5A /* Build configuration list for PBXNativeTarget "CalculadoraTests" */ = {
			isa = XCConfigurationList;
			buildConfigurations = (
				8538583928F6F3FC00F9CF5A /* Debug */,
				8538583A28F6F3FC00F9CF5A /* Release */,
			);
			defaultConfigurationIsVisible = 0;
			defaultConfigurationName = Release;
		};
		8538583B28F6F3FC00F9CF5A /* Build configuration list for PBXNativeTarget "CalculadoraUITests" */ = {
			isa = XCConfigurationList;
			buildConfigurations = (
				8538583C28F6F3FC00F9CF5A /* Debug */,
				8538583D28F6F3FC00F9CF5A /* Release */,
			);
			defaultConfigurationIsVisible = 0;
			defaultConfigurationName = Release;
		};
/* End XCConfigurationList section */
	};
	rootObject = 8538580328F6F3F500F9CF5A /* Project object */;
}
